
Microsoft Visual Studio Solution File, Format Version 12.00
# Visual Studio Version 17
VisualStudioVersion = 17.3.32929.385
MinimumVisualStudioVersion = 10.0.40219.1
Project("{9A19103F-16F7-4668-BE54-9A1E7A4F7556}") = "DevAspNetCoreMvc", "DevAspNetCoreMvc\DevAspNetCoreMvc.csproj", "{7A7651C9-8AF8-4656-89C4-5248A7942D93}"
EndProject
Project("{9A19103F-16F7-4668-BE54-9A1E7A4F7556}") = "Lesson02", "Lesson02\Lesson02.csproj", "{B0C867A9-E4C6-4146-8332-B288A26451B5}"
EndProject
Project("{9A19103F-16F7-4668-BE54-9A1E7A4F7556}") = "Lesson02.Assignment", "Lesson02.Assignment\Lesson02.Assignment.csproj", "{5FF599D6-9127-4E41-86D2-593EE3BAF6D0}"
EndProject
Project("{9A19103F-16F7-4668-BE54-9A1E7A4F7556}") = "Lesson02.Assignment1", "Lesson02.Assignment1\Lesson02.Assignment1.csproj", "{D6F5E325-BB11-4297-88B1-F0D4021BCA2D}"
EndProject
Project("{9A19103F-16F7-4668-BE54-9A1E7A4F7556}") = "Lesson03.Review", "Lesson03.Review\Lesson03.Review.csproj", "{5181A8E6-568A-4A8A-A78D-80FBB0F0C28F}"
EndProject
Project("{9A19103F-16F7-4668-BE54-9A1E7A4F7556}") = "Lesson03.Theory", "Lesson03.Theory\Lesson03.Theory.csproj", "{51D73410-12B0-4CB8-81F2-DD0E27D5E56D}"
EndProject
Project("{9A19103F-16F7-4668-BE54-9A1E7A4F7556}") = "Lesson04.Theory", "Lesson04.Theory\Lesson04.Theory.csproj", "{4AF84B38-5B08-4BBD-98F0-98FE0ED62F9E}"
EndProject
Project("{9A19103F-16F7-4668-BE54-9A1E7A4F7556}") = "Lesson04.Lab", "Lesson04.Lab\Lesson04.Lab.csproj", "{437D0417-B9C0-4751-B322-426DC6249A45}"
EndProject
Project("{9A19103F-16F7-4668-BE54-9A1E7A4F7556}") = "Lesson06.TheoryDF", "Lesson06.TheoryDF\Lesson06.TheoryDF.csproj", "{15263287-646E-4A33-B162-B66AAB0C1774}"
EndProject
Project("{9A19103F-16F7-4668-BE54-9A1E7A4F7556}") = "Lesson06.TheoryCF", "Lesson06.TheoryCF\Lesson06.TheoryCF.csproj", "{4C6AAF3C-7185-43B4-89AE-39CFFB8665F9}"
EndProject
Project("{FAE04EC0-301F-11D3-BF4B-00C04F79EFBC}") = "Lesson07.Assignment", "Lesson07.Assignment\Lesson07.Assignment.csproj", "{AF08E0E8-A909-4093-8893-4AF359CEC0E8}"
EndProject
Global
	GlobalSection(SolutionConfigurationPlatforms) = preSolution
		Debug|Any CPU = Debug|Any CPU
		Release|Any CPU = Release|Any CPU
	EndGlobalSection
	GlobalSection(ProjectConfigurationPlatforms) = postSolution
		{7A7651C9-8AF8-4656-89C4-5248A7942D93}.Debug|Any CPU.ActiveCfg = Debug|Any CPU
		{7A7651C9-8AF8-4656-89C4-5248A7942D93}.Debug|Any CPU.Build.0 = Debug|Any CPU
		{7A7651C9-8AF8-4656-89C4-5248A7942D93}.Release|Any CPU.ActiveCfg = Release|Any CPU
		{7A7651C9-8AF8-4656-89C4-5248A7942D93}.Release|Any CPU.Build.0 = Release|Any CPU
		{B0C867A9-E4C6-4146-8332-B288A26451B5}.Debug|Any CPU.ActiveCfg = Debug|Any CPU
		{B0C867A9-E4C6-4146-8332-B288A26451B5}.Debug|Any CPU.Build.0 = Debug|Any CPU
		{B0C867A9-E4C6-4146-8332-B288A26451B5}.Release|Any CPU.ActiveCfg = Release|Any CPU
		{B0C867A9-E4C6-4146-8332-B288A26451B5}.Release|Any CPU.Build.0 = Release|Any CPU
		{5FF599D6-9127-4E41-86D2-593EE3BAF6D0}.Debug|Any CPU.ActiveCfg = Debug|Any CPU
		{5FF599D6-9127-4E41-86D2-593EE3BAF6D0}.Debug|Any CPU.Build.0 = Debug|Any CPU
		{5FF599D6-9127-4E41-86D2-593EE3BAF6D0}.Release|Any CPU.ActiveCfg = Release|Any CPU
		{5FF599D6-9127-4E41-86D2-593EE3BAF6D0}.Release|Any CPU.Build.0 = Release|Any CPU
		{D6F5E325-BB11-4297-88B1-F0D4021BCA2D}.Debug|Any CPU.ActiveCfg = Debug|Any CPU
		{D6F5E325-BB11-4297-88B1-F0D4021BCA2D}.Debug|Any CPU.Build.0 = Debug|Any CPU
		{D6F5E325-BB11-4297-88B1-F0D4021BCA2D}.Release|Any CPU.ActiveCfg = Release|Any CPU
		{D6F5E325-BB11-4297-88B1-F0D4021BCA2D}.Release|Any CPU.Build.0 = Release|Any CPU
		{5181A8E6-568A-4A8A-A78D-80FBB0F0C28F}.Debug|Any CPU.ActiveCfg = Debug|Any CPU
		{5181A8E6-568A-4A8A-A78D-80FBB0F0C28F}.Debug|Any CPU.Build.0 = Debug|Any CPU
		{5181A8E6-568A-4A8A-A78D-80FBB0F0C28F}.Release|Any CPU.ActiveCfg = Release|Any CPU
		{5181A8E6-568A-4A8A-A78D-80FBB0F0C28F}.Release|Any CPU.Build.0 = Release|Any CPU
		{51D73410-12B0-4CB8-81F2-DD0E27D5E56D}.Debug|Any CPU.ActiveCfg = Debug|Any CPU
		{51D73410-12B0-4CB8-81F2-DD0E27D5E56D}.Debug|Any CPU.Build.0 = Debug|Any CPU
		{51D73410-12B0-4CB8-81F2-DD0E27D5E56D}.Release|Any CPU.ActiveCfg = Release|Any CPU
		{51D73410-12B0-4CB8-81F2-DD0E27D5E56D}.Release|Any CPU.Build.0 = Release|Any CPU
		{4AF84B38-5B08-4BBD-98F0-98FE0ED62F9E}.Debug|Any CPU.ActiveCfg = Debug|Any CPU
		{4AF84B38-5B08-4BBD-98F0-98FE0ED62F9E}.Debug|Any CPU.Build.0 = Debug|Any CPU
		{4AF84B38-5B08-4BBD-98F0-98FE0ED62F9E}.Release|Any CPU.ActiveCfg = Release|Any CPU
		{4AF84B38-5B08-4BBD-98F0-98FE0ED62F9E}.Release|Any CPU.Build.0 = Release|Any CPU
		{437D0417-B9C0-4751-B322-426DC6249A45}.Debug|Any CPU.ActiveCfg = Debug|Any CPU
		{437D0417-B9C0-4751-B322-426DC6249A45}.Debug|Any CPU.Build.0 = Debug|Any CPU
		{437D0417-B9C0-4751-B322-426DC6249A45}.Release|Any CPU.ActiveCfg = Release|Any CPU
		{437D0417-B9C0-4751-B322-426DC6249A45}.Release|Any CPU.Build.0 = Release|Any CPU
		{15263287-646E-4A33-B162-B66AAB0C1774}.Debug|Any CPU.ActiveCfg = Debug|Any CPU
		{15263287-646E-4A33-B162-B66AAB0C1774}.Debug|Any CPU.Build.0 = Debug|Any CPU
		{15263287-646E-4A33-B162-B66AAB0C1774}.Release|Any CPU.ActiveCfg = Release|Any CPU
		{15263287-646E-4A33-B162-B66AAB0C1774}.Release|Any CPU.Build.0 = Release|Any CPU
		{4C6AAF3C-7185-43B4-89AE-39CFFB8665F9}.Debug|Any CPU.ActiveCfg = Debug|Any CPU
		{4C6AAF3C-7185-43B4-89AE-39CFFB8665F9}.Debug|Any CPU.Build.0 = Debug|Any CPU
		{4C6AAF3C-7185-43B4-89AE-39CFFB8665F9}.Release|Any CPU.ActiveCfg = Release|Any CPU
		{4C6AAF3C-7185-43B4-89AE-39CFFB8665F9}.Release|Any CPU.Build.0 = Release|Any CPU
		{AF08E0E8-A909-4093-8893-4AF359CEC0E8}.Debug|Any CPU.ActiveCfg = Debug|Any CPU
		{AF08E0E8-A909-4093-8893-4AF359CEC0E8}.Debug|Any CPU.Build.0 = Debug|Any CPU
		{AF08E0E8-A909-4093-8893-4AF359CEC0E8}.Release|Any CPU.ActiveCfg = Release|Any CPU
		{AF08E0E8-A909-4093-8893-4AF359CEC0E8}.Release|Any CPU.Build.0 = Release|Any CPU
	EndGlobalSection
	GlobalSection(SolutionProperties) = preSolution
		HideSolutionNode = FALSE
	EndGlobalSection
	GlobalSection(ExtensibilityGlobals) = postSolution
		SolutionGuid = {8FD68E0B-2E06-4E94-8A7A-39493CBA4D0F}
	EndGlobalSection
EndGlobal
